
Microsoft Visual Studio Solution File, Format Version 12.00
# Visual Studio 15
VisualStudioVersion = 15.0.28010.2016
MinimumVisualStudioVersion = 10.0.40219.1
Project("{8BC9CEB8-8B4A-11D0-8D11-00A0C91BC942}") = "CudaTracer2", "CudaTracer2\CudaTracer2.vcxproj", "{2C115A9F-D43B-403C-BE23-2D2340EA0A6F}"
EndProject
Global
	GlobalSection(SolutionConfigurationPlatforms) = preSolution
		Debug|x64 = Debug|x64
		Release|x64 = Release|x64
	EndGlobalSection
	GlobalSection(ProjectConfigurationPlatforms) = postSolution
		{2C115A9F-D43B-403C-BE23-2D2340EA0A6F}.Debug|x64.ActiveCfg = Debug|x64
		{2C115A9F-D43B-403C-BE23-2D2340EA0A6F}.Debug|x64.Build.0 = Debug|x64
		{2C115A9F-D43B-403C-BE23-2D2340EA0A6F}.Release|x64.ActiveCfg = Release|x64
		{2C115A9F-D43B-403C-BE23-2D2340EA0A6F}.Release|x64.Build.0 = Release|x64
	EndGlobalSection
	GlobalSection(SolutionProperties) = preSolution
		HideSolutionNode = FALSE
	EndGlobalSection
	GlobalSection(ExtensibilityGlobals) = postSolution
		SolutionGuid = {DEFC1EF8-FC5D-470A-96C9-C95E4B61A888}
	EndGlobalSection
EndGlobal
