<?xml version="1.0" encoding="utf-8"?>
<Project ToolsVersion="4.0" xmlns="http://schemas.microsoft.com/developer/msbuild/2003">
  <ItemGroup>
    <ClCompile Include="main.cpp" />
    <ClCompile Include="Renderer.cpp">
      <Filter>Core</Filter>
    </ClCompile>
    <ClCompile Include="GLFWManager.cpp">
      <Filter>Core</Filter>
    </ClCompile>
    <ClCompile Include="ShaderCommon.cpp">
      <Filter>Common</Filter>
    </ClCompile>
    <ClCompile Include="CudaRenderer.cpp">
      <Filter>CudaRenderer</Filter>
    </ClCompile>
    <ClCompile Include="imgui.cpp">
      <Filter>Libraries\Imgui</Filter>
    </ClCompile>
    <ClCompile Include="imgui_demo.cpp">
      <Filter>Libraries\Imgui</Filter>
    </ClCompile>
    <ClCompile Include="imgui_draw.cpp">
      <Filter>Libraries\Imgui</Filter>
    </ClCompile>
    <ClCompile Include="imgui_widgets.cpp">
      <Filter>Libraries\Imgui</Filter>
    </ClCompile>
    <ClCompile Include="imgui_impl_opengl3.cpp">
      <Filter>Libraries\Imgui</Filter>
    </ClCompile>
    <ClCompile Include="imgui_impl_glfw.cpp">
      <Filter>Libraries\Imgui</Filter>
    </ClCompile>
    <ClCompile Include="ImGuiFileDialog.cpp">
      <Filter>Libraries\Imgui</Filter>
    </ClCompile>
    <ClCompile Include="Mesh.cpp">
      <Filter>CudaRenderer</Filter>
    </ClCompile>
    <ClCompile Include="KDTree.cpp">
      <Filter>CudaRenderer</Filter>
    </ClCompile>
    <ClCompile Include="MeasureTime.cpp">
      <Filter>Common</Filter>
    </ClCompile>
  </ItemGroup>
  <ItemGroup>
    <ClInclude Include="TracingCommon.h">
      <Filter>Common</Filter>
    </ClInclude>
    <ClInclude Include="ShaderCommon.h">
      <Filter>Common</Filter>
    </ClInclude>
    <ClInclude Include="Renderer.h">
      <Filter>Core</Filter>
    </ClInclude>
    <ClInclude Include="GLFWManager.h">
      <Filter>Core</Filter>
    </ClInclude>
    <ClInclude Include="CudaRenderer.h">
      <Filter>CudaRenderer</Filter>
    </ClInclude>
    <ClInclude Include="PathKernel.cuh">
      <Filter>CudaRenderer</Filter>
    </ClInclude>
    <ClInclude Include="imconfig.h">
      <Filter>Libraries\Imgui</Filter>
    </ClInclude>
    <ClInclude Include="imgui.h">
      <Filter>Libraries\Imgui</Filter>
    </ClInclude>
    <ClInclude Include="imgui_internal.h">
      <Filter>Libraries\Imgui</Filter>
    </ClInclude>
    <ClInclude Include="imstb_rectpack.h">
      <Filter>Libraries\Imgui</Filter>
    </ClInclude>
    <ClInclude Include="imstb_textedit.h">
      <Filter>Libraries\Imgui</Filter>
    </ClInclude>
    <ClInclude Include="imstb_truetype.h">
      <Filter>Libraries\Imgui</Filter>
    </ClInclude>
    <ClInclude Include="imgui_impl_glfw.h">
      <Filter>Libraries\Imgui</Filter>
    </ClInclude>
    <ClInclude Include="imgui_impl_opengl3.h">
      <Filter>Libraries\Imgui</Filter>
    </ClInclude>
    <ClInclude Include="ImGuiFileDialog.h">
      <Filter>Libraries\Imgui</Filter>
    </ClInclude>
    <ClInclude Include="Mesh.h">
      <Filter>CudaRenderer</Filter>
    </ClInclude>
    <ClInclude Include="KDTree.h">
      <Filter>CudaRenderer</Filter>
    </ClInclude>
    <ClInclude Include="MeasureTime.h">
      <Filter>Common</Filter>
    </ClInclude>
    <ClInclude Include="tiny_obj_loader.h">
      <Filter>Libraries\tiny_obj_loader</Filter>
    </ClInclude>
  </ItemGroup>
  <ItemGroup>
    <Filter Include="Common">
      <UniqueIdentifier>{28d5d146-4e30-45ae-86c8-31634ef647cc}</UniqueIdentifier>
    </Filter>
    <Filter Include="Shader">
      <UniqueIdentifier>{f0c0f9c4-ce12-4b43-a964-3241f1ad3ced}</UniqueIdentifier>
    </Filter>
    <Filter Include="CudaRenderer">
      <UniqueIdentifier>{2fb57dd9-4e17-4ee0-b172-f06f55f20cb8}</UniqueIdentifier>
    </Filter>
    <Filter Include="Core">
      <UniqueIdentifier>{b538814c-f0ed-4ba6-a09b-4cd7972ae098}</UniqueIdentifier>
    </Filter>
    <Filter Include="Libraries">
      <UniqueIdentifier>{d9f710e1-af8c-473d-a175-e7d1de35832a}</UniqueIdentifier>
    </Filter>
    <Filter Include="Libraries\Imgui">
      <UniqueIdentifier>{8d43784c-8f41-461b-a2e5-f9867bcbd568}</UniqueIdentifier>
    </Filter>
    <Filter Include="Libraries\tiny_obj_loader">
      <UniqueIdentifier>{daf3b043-cb8a-4e72-a4ec-dc1f1de3b4bb}</UniqueIdentifier>
    </Filter>
  </ItemGroup>
  <ItemGroup>
    <None Include="cudaView.frag">
      <Filter>Shader</Filter>
    </None>
    <None Include="cudaView.vert">
      <Filter>Shader</Filter>
    </None>
  </ItemGroup>
  <ItemGroup>
    <CudaCompile Include="PathKernel.cu">
      <Filter>CudaRenderer</Filter>
    </CudaCompile>
  </ItemGroup>
</Project>